
Microsoft Visual Studio Solution File, Format Version 12.00
# Visual Studio Version 17
VisualStudioVersion = 17.9.34728.123
MinimumVisualStudioVersion = 10.0.40219.1
Project("{FAE04EC0-301F-11D3-BF4B-00C04F79EFBC}") = "cliente", "cliente.csproj", "{55371BED-7CB2-47A9-BB78-CD22C8E48CB1}"
EndProject
Global
	GlobalSection(SolutionConfigurationPlatforms) = preSolution
		Debug|Any CPU = Debug|Any CPU
		Release|Any CPU = Release|Any CPU
	EndGlobalSection
	GlobalSection(ProjectConfigurationPlatforms) = postSolution
		{55371BED-7CB2-47A9-BB78-CD22C8E48CB1}.Debug|Any CPU.ActiveCfg = Debug|Any CPU
		{55371BED-7CB2-47A9-BB78-CD22C8E48CB1}.Debug|Any CPU.Build.0 = Debug|Any CPU
		{55371BED-7CB2-47A9-BB78-CD22C8E48CB1}.Release|Any CPU.ActiveCfg = Release|Any CPU
		{55371BED-7CB2-47A9-BB78-CD22C8E48CB1}.Release|Any CPU.Build.0 = Release|Any CPU
	EndGlobalSection
	GlobalSection(SolutionProperties) = preSolution
		HideSolutionNode = FALSE
	EndGlobalSection
	GlobalSection(ExtensibilityGlobals) = postSolution
		SolutionGuid = {F250F6D8-2F81-4AB9-BF8D-E7E210A09F99}
	EndGlobalSection
EndGlobal
